
Microsoft Visual Studio Solution File, Format Version 12.00
# Visual Studio Version 17
VisualStudioVersion = 17.7.34018.315
MinimumVisualStudioVersion = 10.0.40219.1
Project("{9A19103F-16F7-4668-BE54-9A1E7A4F7556}") = "Intrinsic.SampleWebApp.Presentation", "Intrinsic.SampleWebApp.Presentation\Intrinsic.SampleWebApp.Presentation.csproj", "{7046A1BC-8611-40CD-931D-EC32480572EB}"
EndProject
Project("{FAE04EC0-301F-11D3-BF4B-00C04F79EFBC}") = "Intrinsic.SampleWebApp.DAL", "Intrinsic.SampleWebApp.DAL\Intrinsic.SampleWebApp.DAL.csproj", "{6FDEE162-294C-4B00-B5DD-9B6A7916393E}"
EndProject
Global
	GlobalSection(SolutionConfigurationPlatforms) = preSolution
		Debug|Any CPU = Debug|Any CPU
		Release|Any CPU = Release|Any CPU
	EndGlobalSection
	GlobalSection(ProjectConfigurationPlatforms) = postSolution
		{7046A1BC-8611-40CD-931D-EC32480572EB}.Debug|Any CPU.ActiveCfg = Debug|Any CPU
		{7046A1BC-8611-40CD-931D-EC32480572EB}.Debug|Any CPU.Build.0 = Debug|Any CPU
		{7046A1BC-8611-40CD-931D-EC32480572EB}.Release|Any CPU.ActiveCfg = Release|Any CPU
		{7046A1BC-8611-40CD-931D-EC32480572EB}.Release|Any CPU.Build.0 = Release|Any CPU
		{6FDEE162-294C-4B00-B5DD-9B6A7916393E}.Debug|Any CPU.ActiveCfg = Debug|Any CPU
		{6FDEE162-294C-4B00-B5DD-9B6A7916393E}.Debug|Any CPU.Build.0 = Debug|Any CPU
		{6FDEE162-294C-4B00-B5DD-9B6A7916393E}.Release|Any CPU.ActiveCfg = Release|Any CPU
		{6FDEE162-294C-4B00-B5DD-9B6A7916393E}.Release|Any CPU.Build.0 = Release|Any CPU
	EndGlobalSection
	GlobalSection(SolutionProperties) = preSolution
		HideSolutionNode = FALSE
	EndGlobalSection
	GlobalSection(ExtensibilityGlobals) = postSolution
		SolutionGuid = {A0AA0CD4-8533-479D-8280-3B900FBB3866}
	EndGlobalSection
EndGlobal
